// !$*UTF8*$!
{
	archiveVersion = 1;
	classes = {
	};
	objectVersion = 51;
	objects = {

/* Begin PBXBuildFile section */
		1AE3BC501320F197553D4A29 /* Pods_NYTimesMostPopularTests.framework in Frameworks */ = {isa = PBXBuildFile; fileRef = 07B39E05384DE486897EF2B5 /* Pods_NYTimesMostPopularTests.framework */; };
		842906F42477736400AA7A69 /* ArticleDetailsViewController.swift in Sources */ = {isa = PBXBuildFile; fileRef = 842906F32477736400AA7A69 /* ArticleDetailsViewController.swift */; };
		842906F62477A0E100AA7A69 /* FullArticleViewController.swift in Sources */ = {isa = PBXBuildFile; fileRef = 842906F52477A0E100AA7A69 /* FullArticleViewController.swift */; };
		84E27A622476F26F00A4B739 /* AppDelegate.swift in Sources */ = {isa = PBXBuildFile; fileRef = 84E27A612476F26F00A4B739 /* AppDelegate.swift */; };
		84E27A642476F26F00A4B739 /* SceneDelegate.swift in Sources */ = {isa = PBXBuildFile; fileRef = 84E27A632476F26F00A4B739 /* SceneDelegate.swift */; };
		84E27A6B2476F27000A4B739 /* Assets.xcassets in Resources */ = {isa = PBXBuildFile; fileRef = 84E27A6A2476F27000A4B739 /* Assets.xcassets */; };
		84E27A6E2476F27000A4B739 /* LaunchScreen.storyboard in Resources */ = {isa = PBXBuildFile; fileRef = 84E27A6C2476F27000A4B739 /* LaunchScreen.storyboard */; };
		84E27A792476F27100A4B739 /* NYTimesMostPopularTests.swift in Sources */ = {isa = PBXBuildFile; fileRef = 84E27A782476F27100A4B739 /* NYTimesMostPopularTests.swift */; };
		84E27A842476F27100A4B739 /* NYTimesMostPopularUITests.swift in Sources */ = {isa = PBXBuildFile; fileRef = 84E27A832476F27100A4B739 /* NYTimesMostPopularUITests.swift */; };
		84E27A9D2476F88B00A4B739 /* Search.storyboard in Resources */ = {isa = PBXBuildFile; fileRef = 84E27A9C2476F88B00A4B739 /* Search.storyboard */; };
		84E27AA12476F8B900A4B739 /* SearchArticleViewController.swift in Sources */ = {isa = PBXBuildFile; fileRef = 84E27AA02476F8B900A4B739 /* SearchArticleViewController.swift */; };
		84E27AA32476F8D500A4B739 /* SearchViewModel.swift in Sources */ = {isa = PBXBuildFile; fileRef = 84E27AA22476F8D500A4B739 /* SearchViewModel.swift */; };
		84E27AAE2476F90A00A4B739 /* RequestParamters.swift in Sources */ = {isa = PBXBuildFile; fileRef = 84E27AA52476F90A00A4B739 /* RequestParamters.swift */; };
		84E27AAF2476F90A00A4B739 /* Api.swift in Sources */ = {isa = PBXBuildFile; fileRef = 84E27AA72476F90A00A4B739 /* Api.swift */; };
		84E27AB12476F90A00A4B739 /* Requestable.swift in Sources */ = {isa = PBXBuildFile; fileRef = 84E27AA92476F90A00A4B739 /* Requestable.swift */; };
		84E27AB22476F90A00A4B739 /* Keys.swift in Sources */ = {isa = PBXBuildFile; fileRef = 84E27AAA2476F90A00A4B739 /* Keys.swift */; };
		84E27AB32476F90A00A4B739 /* AlamofireRequestExtensions.swift in Sources */ = {isa = PBXBuildFile; fileRef = 84E27AAB2476F90A00A4B739 /* AlamofireRequestExtensions.swift */; };
		84E27AB42476F90A00A4B739 /* ServiceManager.swift in Sources */ = {isa = PBXBuildFile; fileRef = 84E27AAC2476F90A00A4B739 /* ServiceManager.swift */; };
		84E27AB52476F90A00A4B739 /* CustomError.swift in Sources */ = {isa = PBXBuildFile; fileRef = 84E27AAD2476F90A00A4B739 /* CustomError.swift */; };
		84E27AB82476F96400A4B739 /* Configurations.swift in Sources */ = {isa = PBXBuildFile; fileRef = 84E27AB72476F96400A4B739 /* Configurations.swift */; };
		84E27ABA2476FD6B00A4B739 /* SearchApi.swift in Sources */ = {isa = PBXBuildFile; fileRef = 84E27AB92476FD6B00A4B739 /* SearchApi.swift */; };
		84E27ABC2476FEFA00A4B739 /* SearchArticleResponse.swift in Sources */ = {isa = PBXBuildFile; fileRef = 84E27ABB2476FEFA00A4B739 /* SearchArticleResponse.swift */; };
		84E27ABE2476FF2300A4B739 /* Article.swift in Sources */ = {isa = PBXBuildFile; fileRef = 84E27ABD2476FF2300A4B739 /* Article.swift */; };
		84E27AC22477025300A4B739 /* ArticleCell.swift in Sources */ = {isa = PBXBuildFile; fileRef = 84E27AC02477025300A4B739 /* ArticleCell.swift */; };
		84E27AC32477025300A4B739 /* ArticleCell.xib in Resources */ = {isa = PBXBuildFile; fileRef = 84E27AC12477025300A4B739 /* ArticleCell.xib */; };
		84E27AC72477068D00A4B739 /* Storyboard.swift in Sources */ = {isa = PBXBuildFile; fileRef = 84E27AC52477068D00A4B739 /* Storyboard.swift */; };
		84E27AC82477068D00A4B739 /* Router.swift in Sources */ = {isa = PBXBuildFile; fileRef = 84E27AC62477068D00A4B739 /* Router.swift */; };
		84E27AD22477070A00A4B739 /* BaseViewController.swift in Sources */ = {isa = PBXBuildFile; fileRef = 84E27ACB2477070A00A4B739 /* BaseViewController.swift */; };
		84E27AD32477070A00A4B739 /* UIViewController+Extenstion.swift in Sources */ = {isa = PBXBuildFile; fileRef = 84E27ACD2477070A00A4B739 /* UIViewController+Extenstion.swift */; };
		84E27AD8247714AC00A4B739 /* SearchArticleRequestParameters.swift in Sources */ = {isa = PBXBuildFile; fileRef = 84E27AD7247714AC00A4B739 /* SearchArticleRequestParameters.swift */; };
		D8EA5BE83E05855803BAB8AF /* Pods_NYTimesMostPopular_NYTimesMostPopularUITests.framework in Frameworks */ = {isa = PBXBuildFile; fileRef = 5366C3722C1432FADA6C7E68 /* Pods_NYTimesMostPopular_NYTimesMostPopularUITests.framework */; };
		E92F1E1090DAEB4653216B7A /* Pods_NYTimesMostPopular.framework in Frameworks */ = {isa = PBXBuildFile; fileRef = 2E214BA54F89333F19F94175 /* Pods_NYTimesMostPopular.framework */; };
/* End PBXBuildFile section */

/* Begin PBXContainerItemProxy section */
		84E27A752476F27100A4B739 /* PBXContainerItemProxy */ = {
			isa = PBXContainerItemProxy;
			containerPortal = 84E27A562476F26F00A4B739 /* Project object */;
			proxyType = 1;
			remoteGlobalIDString = 84E27A5D2476F26F00A4B739;
			remoteInfo = NYTimesMostPopular;
		};
		84E27A802476F27100A4B739 /* PBXContainerItemProxy */ = {
			isa = PBXContainerItemProxy;
			containerPortal = 84E27A562476F26F00A4B739 /* Project object */;
			proxyType = 1;
			remoteGlobalIDString = 84E27A5D2476F26F00A4B739;
			remoteInfo = NYTimesMostPopular;
		};
/* End PBXContainerItemProxy section */

/* Begin PBXFileReference section */
		07B39E05384DE486897EF2B5 /* Pods_NYTimesMostPopularTests.framework */ = {isa = PBXFileReference; explicitFileType = wrapper.framework; includeInIndex = 0; path = Pods_NYTimesMostPopularTests.framework; sourceTree = BUILT_PRODUCTS_DIR; };
		2188C37D436333EADBB432C4 /* Pods-NYTimesMostPopular.debug.xcconfig */ = {isa = PBXFileReference; includeInIndex = 1; lastKnownFileType = text.xcconfig; name = "Pods-NYTimesMostPopular.debug.xcconfig"; path = "Target Support Files/Pods-NYTimesMostPopular/Pods-NYTimesMostPopular.debug.xcconfig"; sourceTree = "<group>"; };
		2E214BA54F89333F19F94175 /* Pods_NYTimesMostPopular.framework */ = {isa = PBXFileReference; explicitFileType = wrapper.framework; includeInIndex = 0; path = Pods_NYTimesMostPopular.framework; sourceTree = BUILT_PRODUCTS_DIR; };
		5366C3722C1432FADA6C7E68 /* Pods_NYTimesMostPopular_NYTimesMostPopularUITests.framework */ = {isa = PBXFileReference; explicitFileType = wrapper.framework; includeInIndex = 0; path = Pods_NYTimesMostPopular_NYTimesMostPopularUITests.framework; sourceTree = BUILT_PRODUCTS_DIR; };
		59811DBC950873D1E7069FD3 /* Pods-NYTimesMostPopularTests.release.xcconfig */ = {isa = PBXFileReference; includeInIndex = 1; lastKnownFileType = text.xcconfig; name = "Pods-NYTimesMostPopularTests.release.xcconfig"; path = "Target Support Files/Pods-NYTimesMostPopularTests/Pods-NYTimesMostPopularTests.release.xcconfig"; sourceTree = "<group>"; };
		6D64DC552CFF8E47B66C7865 /* Pods-NYTimesMostPopular.release.xcconfig */ = {isa = PBXFileReference; includeInIndex = 1; lastKnownFileType = text.xcconfig; name = "Pods-NYTimesMostPopular.release.xcconfig"; path = "Target Support Files/Pods-NYTimesMostPopular/Pods-NYTimesMostPopular.release.xcconfig"; sourceTree = "<group>"; };
		842906F32477736400AA7A69 /* ArticleDetailsViewController.swift */ = {isa = PBXFileReference; lastKnownFileType = sourcecode.swift; path = ArticleDetailsViewController.swift; sourceTree = "<group>"; };
		842906F52477A0E100AA7A69 /* FullArticleViewController.swift */ = {isa = PBXFileReference; lastKnownFileType = sourcecode.swift; path = FullArticleViewController.swift; sourceTree = "<group>"; };
		84E27A5E2476F26F00A4B739 /* NYTimesMostPopular.app */ = {isa = PBXFileReference; explicitFileType = wrapper.application; includeInIndex = 0; path = NYTimesMostPopular.app; sourceTree = BUILT_PRODUCTS_DIR; };
		84E27A612476F26F00A4B739 /* AppDelegate.swift */ = {isa = PBXFileReference; lastKnownFileType = sourcecode.swift; path = AppDelegate.swift; sourceTree = "<group>"; };
		84E27A632476F26F00A4B739 /* SceneDelegate.swift */ = {isa = PBXFileReference; lastKnownFileType = sourcecode.swift; path = SceneDelegate.swift; sourceTree = "<group>"; };
		84E27A6A2476F27000A4B739 /* Assets.xcassets */ = {isa = PBXFileReference; lastKnownFileType = folder.assetcatalog; path = Assets.xcassets; sourceTree = "<group>"; };
		84E27A6D2476F27000A4B739 /* Base */ = {isa = PBXFileReference; lastKnownFileType = file.storyboard; name = Base; path = Base.lproj/LaunchScreen.storyboard; sourceTree = "<group>"; };
		84E27A6F2476F27000A4B739 /* Info.plist */ = {isa = PBXFileReference; lastKnownFileType = text.plist.xml; path = Info.plist; sourceTree = "<group>"; };
		84E27A742476F27100A4B739 /* NYTimesMostPopularTests.xctest */ = {isa = PBXFileReference; explicitFileType = wrapper.cfbundle; includeInIndex = 0; path = NYTimesMostPopularTests.xctest; sourceTree = BUILT_PRODUCTS_DIR; };
		84E27A782476F27100A4B739 /* NYTimesMostPopularTests.swift */ = {isa = PBXFileReference; lastKnownFileType = sourcecode.swift; path = NYTimesMostPopularTests.swift; sourceTree = "<group>"; };
		84E27A7A2476F27100A4B739 /* Info.plist */ = {isa = PBXFileReference; lastKnownFileType = text.plist.xml; path = Info.plist; sourceTree = "<group>"; };
		84E27A7F2476F27100A4B739 /* NYTimesMostPopularUITests.xctest */ = {isa = PBXFileReference; explicitFileType = wrapper.cfbundle; includeInIndex = 0; path = NYTimesMostPopularUITests.xctest; sourceTree = BUILT_PRODUCTS_DIR; };
		84E27A832476F27100A4B739 /* NYTimesMostPopularUITests.swift */ = {isa = PBXFileReference; lastKnownFileType = sourcecode.swift; path = NYTimesMostPopularUITests.swift; sourceTree = "<group>"; };
		84E27A852476F27100A4B739 /* Info.plist */ = {isa = PBXFileReference; lastKnownFileType = text.plist.xml; path = Info.plist; sourceTree = "<group>"; };
		84E27A9C2476F88B00A4B739 /* Search.storyboard */ = {isa = PBXFileReference; lastKnownFileType = file.storyboard; path = Search.storyboard; sourceTree = "<group>"; };
		84E27AA02476F8B900A4B739 /* SearchArticleViewController.swift */ = {isa = PBXFileReference; lastKnownFileType = sourcecode.swift; path = SearchArticleViewController.swift; sourceTree = "<group>"; };
		84E27AA22476F8D500A4B739 /* SearchViewModel.swift */ = {isa = PBXFileReference; lastKnownFileType = sourcecode.swift; path = SearchViewModel.swift; sourceTree = "<group>"; };
		84E27AA52476F90A00A4B739 /* RequestParamters.swift */ = {isa = PBXFileReference; fileEncoding = 4; lastKnownFileType = sourcecode.swift; path = RequestParamters.swift; sourceTree = "<group>"; };
		84E27AA72476F90A00A4B739 /* Api.swift */ = {isa = PBXFileReference; fileEncoding = 4; lastKnownFileType = sourcecode.swift; path = Api.swift; sourceTree = "<group>"; };
		84E27AA92476F90A00A4B739 /* Requestable.swift */ = {isa = PBXFileReference; fileEncoding = 4; lastKnownFileType = sourcecode.swift; path = Requestable.swift; sourceTree = "<group>"; };
		84E27AAA2476F90A00A4B739 /* Keys.swift */ = {isa = PBXFileReference; fileEncoding = 4; lastKnownFileType = sourcecode.swift; path = Keys.swift; sourceTree = "<group>"; };
		84E27AAB2476F90A00A4B739 /* AlamofireRequestExtensions.swift */ = {isa = PBXFileReference; fileEncoding = 4; lastKnownFileType = sourcecode.swift; path = AlamofireRequestExtensions.swift; sourceTree = "<group>"; };
		84E27AAC2476F90A00A4B739 /* ServiceManager.swift */ = {isa = PBXFileReference; fileEncoding = 4; lastKnownFileType = sourcecode.swift; path = ServiceManager.swift; sourceTree = "<group>"; };
		84E27AAD2476F90A00A4B739 /* CustomError.swift */ = {isa = PBXFileReference; fileEncoding = 4; lastKnownFileType = sourcecode.swift; path = CustomError.swift; sourceTree = "<group>"; };
		84E27AB72476F96400A4B739 /* Configurations.swift */ = {isa = PBXFileReference; fileEncoding = 4; lastKnownFileType = sourcecode.swift; path = Configurations.swift; sourceTree = "<group>"; };
		84E27AB92476FD6B00A4B739 /* SearchApi.swift */ = {isa = PBXFileReference; lastKnownFileType = sourcecode.swift; path = SearchApi.swift; sourceTree = "<group>"; };
		84E27ABB2476FEFA00A4B739 /* SearchArticleResponse.swift */ = {isa = PBXFileReference; lastKnownFileType = sourcecode.swift; path = SearchArticleResponse.swift; sourceTree = "<group>"; };
		84E27ABD2476FF2300A4B739 /* Article.swift */ = {isa = PBXFileReference; lastKnownFileType = sourcecode.swift; path = Article.swift; sourceTree = "<group>"; };
		84E27AC02477025300A4B739 /* ArticleCell.swift */ = {isa = PBXFileReference; lastKnownFileType = sourcecode.swift; path = ArticleCell.swift; sourceTree = "<group>"; };
		84E27AC12477025300A4B739 /* ArticleCell.xib */ = {isa = PBXFileReference; lastKnownFileType = file.xib; path = ArticleCell.xib; sourceTree = "<group>"; };
		84E27AC52477068D00A4B739 /* Storyboard.swift */ = {isa = PBXFileReference; fileEncoding = 4; lastKnownFileType = sourcecode.swift; path = Storyboard.swift; sourceTree = "<group>"; };
		84E27AC62477068D00A4B739 /* Router.swift */ = {isa = PBXFileReference; fileEncoding = 4; lastKnownFileType = sourcecode.swift; path = Router.swift; sourceTree = "<group>"; };
		84E27ACB2477070A00A4B739 /* BaseViewController.swift */ = {isa = PBXFileReference; fileEncoding = 4; lastKnownFileType = sourcecode.swift; path = BaseViewController.swift; sourceTree = "<group>"; };
		84E27ACD2477070A00A4B739 /* UIViewController+Extenstion.swift */ = {isa = PBXFileReference; fileEncoding = 4; lastKnownFileType = sourcecode.swift; path = "UIViewController+Extenstion.swift"; sourceTree = "<group>"; };
		84E27AD7247714AC00A4B739 /* SearchArticleRequestParameters.swift */ = {isa = PBXFileReference; lastKnownFileType = sourcecode.swift; path = SearchArticleRequestParameters.swift; sourceTree = "<group>"; };
		9532FA958976BE47F85490F7 /* Pods-NYTimesMostPopular-NYTimesMostPopularUITests.debug.xcconfig */ = {isa = PBXFileReference; includeInIndex = 1; lastKnownFileType = text.xcconfig; name = "Pods-NYTimesMostPopular-NYTimesMostPopularUITests.debug.xcconfig"; path = "Target Support Files/Pods-NYTimesMostPopular-NYTimesMostPopularUITests/Pods-NYTimesMostPopular-NYTimesMostPopularUITests.debug.xcconfig"; sourceTree = "<group>"; };
		B37BF176B71F64553886C077 /* Pods-NYTimesMostPopular-NYTimesMostPopularUITests.release.xcconfig */ = {isa = PBXFileReference; includeInIndex = 1; lastKnownFileType = text.xcconfig; name = "Pods-NYTimesMostPopular-NYTimesMostPopularUITests.release.xcconfig"; path = "Target Support Files/Pods-NYTimesMostPopular-NYTimesMostPopularUITests/Pods-NYTimesMostPopular-NYTimesMostPopularUITests.release.xcconfig"; sourceTree = "<group>"; };
		FCDE06CC19CE5AE532371A07 /* Pods-NYTimesMostPopularTests.debug.xcconfig */ = {isa = PBXFileReference; includeInIndex = 1; lastKnownFileType = text.xcconfig; name = "Pods-NYTimesMostPopularTests.debug.xcconfig"; path = "Target Support Files/Pods-NYTimesMostPopularTests/Pods-NYTimesMostPopularTests.debug.xcconfig"; sourceTree = "<group>"; };
/* End PBXFileReference section */

/* Begin PBXFrameworksBuildPhase section */
		84E27A5B2476F26F00A4B739 /* Frameworks */ = {
			isa = PBXFrameworksBuildPhase;
			buildActionMask = 2147483647;
			files = (
				E92F1E1090DAEB4653216B7A /* Pods_NYTimesMostPopular.framework in Frameworks */,
			);
			runOnlyForDeploymentPostprocessing = 0;
		};
		84E27A712476F27100A4B739 /* Frameworks */ = {
			isa = PBXFrameworksBuildPhase;
			buildActionMask = 2147483647;
			files = (
				1AE3BC501320F197553D4A29 /* Pods_NYTimesMostPopularTests.framework in Frameworks */,
			);
			runOnlyForDeploymentPostprocessing = 0;
		};
		84E27A7C2476F27100A4B739 /* Frameworks */ = {
			isa = PBXFrameworksBuildPhase;
			buildActionMask = 2147483647;
			files = (
				D8EA5BE83E05855803BAB8AF /* Pods_NYTimesMostPopular_NYTimesMostPopularUITests.framework in Frameworks */,
			);
			runOnlyForDeploymentPostprocessing = 0;
		};
/* End PBXFrameworksBuildPhase section */

/* Begin PBXGroup section */
		1740B25CCE506E1A0B823BD5 /* Frameworks */ = {
			isa = PBXGroup;
			children = (
				2E214BA54F89333F19F94175 /* Pods_NYTimesMostPopular.framework */,
				5366C3722C1432FADA6C7E68 /* Pods_NYTimesMostPopular_NYTimesMostPopularUITests.framework */,
				07B39E05384DE486897EF2B5 /* Pods_NYTimesMostPopularTests.framework */,
			);
			name = Frameworks;
			sourceTree = "<group>";
		};
		84E27A552476F26F00A4B739 = {
			isa = PBXGroup;
			children = (
				84E27A602476F26F00A4B739 /* NYTimesMostPopular */,
				84E27A772476F27100A4B739 /* NYTimesMostPopularTests */,
				84E27A822476F27100A4B739 /* NYTimesMostPopularUITests */,
				84E27A5F2476F26F00A4B739 /* Products */,
				A7F04C3221E565C6A87639C9 /* Pods */,
				1740B25CCE506E1A0B823BD5 /* Frameworks */,
			);
			sourceTree = "<group>";
		};
		84E27A5F2476F26F00A4B739 /* Products */ = {
			isa = PBXGroup;
			children = (
				84E27A5E2476F26F00A4B739 /* NYTimesMostPopular.app */,
				84E27A742476F27100A4B739 /* NYTimesMostPopularTests.xctest */,
				84E27A7F2476F27100A4B739 /* NYTimesMostPopularUITests.xctest */,
			);
			name = Products;
			sourceTree = "<group>";
		};
		84E27A602476F26F00A4B739 /* NYTimesMostPopular */ = {
			isa = PBXGroup;
			children = (
				84E27A952476F81B00A4B739 /* AppDelegate */,
				84E27A962476F83600A4B739 /* SearchArticle */,
				84E27AB62476F96400A4B739 /* Configuration */,
				84E27AA42476F90A00A4B739 /* Network */,
				84E27AC42477068D00A4B739 /* Router */,
				84E27AC92477070A00A4B739 /* Helpers */,
				84E27A6A2476F27000A4B739 /* Assets.xcassets */,
				84E27A6C2476F27000A4B739 /* LaunchScreen.storyboard */,
				84E27A6F2476F27000A4B739 /* Info.plist */,
			);
			path = NYTimesMostPopular;
			sourceTree = "<group>";
		};
		84E27A772476F27100A4B739 /* NYTimesMostPopularTests */ = {
			isa = PBXGroup;
			children = (
				84E27A782476F27100A4B739 /* NYTimesMostPopularTests.swift */,
				84E27A7A2476F27100A4B739 /* Info.plist */,
			);
			path = NYTimesMostPopularTests;
			sourceTree = "<group>";
		};
		84E27A822476F27100A4B739 /* NYTimesMostPopularUITests */ = {
			isa = PBXGroup;
			children = (
				84E27A832476F27100A4B739 /* NYTimesMostPopularUITests.swift */,
				84E27A852476F27100A4B739 /* Info.plist */,
			);
			path = NYTimesMostPopularUITests;
			sourceTree = "<group>";
		};
		84E27A952476F81B00A4B739 /* AppDelegate */ = {
			isa = PBXGroup;
			children = (
				84E27A612476F26F00A4B739 /* AppDelegate.swift */,
				84E27A632476F26F00A4B739 /* SceneDelegate.swift */,
			);
			path = AppDelegate;
			sourceTree = "<group>";
		};
		84E27A962476F83600A4B739 /* SearchArticle */ = {
			isa = PBXGroup;
			children = (
				84E27A9A2476F86A00A4B739 /* ViewModel */,
				84E27A992476F86000A4B739 /* Views */,
				84E27A982476F85800A4B739 /* ViewControllers */,
				84E27A972476F84E00A4B739 /* Models */,
			);
			path = SearchArticle;
			sourceTree = "<group>";
		};
		84E27A972476F84E00A4B739 /* Models */ = {
			isa = PBXGroup;
			children = (
				84E27ABB2476FEFA00A4B739 /* SearchArticleResponse.swift */,
				84E27ABD2476FF2300A4B739 /* Article.swift */,
				84E27AD7247714AC00A4B739 /* SearchArticleRequestParameters.swift */,
			);
			path = Models;
			sourceTree = "<group>";
		};
		84E27A982476F85800A4B739 /* ViewControllers */ = {
			isa = PBXGroup;
			children = (
				84E27AA02476F8B900A4B739 /* SearchArticleViewController.swift */,
				842906F32477736400AA7A69 /* ArticleDetailsViewController.swift */,
				842906F52477A0E100AA7A69 /* FullArticleViewController.swift */,
			);
			path = ViewControllers;
			sourceTree = "<group>";
		};
		84E27A992476F86000A4B739 /* Views */ = {
			isa = PBXGroup;
			children = (
				84E27A9E2476F89700A4B739 /* CustomViews */,
				84E27A9B2476F87B00A4B739 /* Storyboards */,
			);
			path = Views;
			sourceTree = "<group>";
		};
		84E27A9A2476F86A00A4B739 /* ViewModel */ = {
			isa = PBXGroup;
			children = (
				84E27AA22476F8D500A4B739 /* SearchViewModel.swift */,
			);
			path = ViewModel;
			sourceTree = "<group>";
		};
		84E27A9B2476F87B00A4B739 /* Storyboards */ = {
			isa = PBXGroup;
			children = (
				84E27A9C2476F88B00A4B739 /* Search.storyboard */,
			);
			path = Storyboards;
			sourceTree = "<group>";
		};
		84E27A9E2476F89700A4B739 /* CustomViews */ = {
			isa = PBXGroup;
			children = (
				84E27A9F2476F8A000A4B739 /* Cells */,
			);
			path = CustomViews;
			sourceTree = "<group>";
		};
		84E27A9F2476F8A000A4B739 /* Cells */ = {
			isa = PBXGroup;
			children = (
				84E27ABF2477023B00A4B739 /* ArticleCell */,
			);
			path = Cells;
			sourceTree = "<group>";
		};
		84E27AA42476F90A00A4B739 /* Network */ = {
			isa = PBXGroup;
			children = (
				84E27AA52476F90A00A4B739 /* RequestParamters.swift */,
				84E27AA62476F90A00A4B739 /* APIs */,
				84E27AA92476F90A00A4B739 /* Requestable.swift */,
				84E27AAA2476F90A00A4B739 /* Keys.swift */,
				84E27AAB2476F90A00A4B739 /* AlamofireRequestExtensions.swift */,
				84E27AAC2476F90A00A4B739 /* ServiceManager.swift */,
				84E27AAD2476F90A00A4B739 /* CustomError.swift */,
			);
			path = Network;
			sourceTree = "<group>";
		};
		84E27AA62476F90A00A4B739 /* APIs */ = {
			isa = PBXGroup;
			children = (
				84E27AA72476F90A00A4B739 /* Api.swift */,
				84E27AB92476FD6B00A4B739 /* SearchApi.swift */,
			);
			path = APIs;
			sourceTree = "<group>";
		};
		84E27AB62476F96400A4B739 /* Configuration */ = {
			isa = PBXGroup;
			children = (
				84E27AB72476F96400A4B739 /* Configurations.swift */,
			);
			path = Configuration;
			sourceTree = "<group>";
		};
		84E27ABF2477023B00A4B739 /* ArticleCell */ = {
			isa = PBXGroup;
			children = (
				84E27AC02477025300A4B739 /* ArticleCell.swift */,
				84E27AC12477025300A4B739 /* ArticleCell.xib */,
			);
			path = ArticleCell;
			sourceTree = "<group>";
		};
		84E27AC42477068D00A4B739 /* Router */ = {
			isa = PBXGroup;
			children = (
				84E27AC52477068D00A4B739 /* Storyboard.swift */,
				84E27AC62477068D00A4B739 /* Router.swift */,
			);
			path = Router;
			sourceTree = "<group>";
		};
		84E27AC92477070A00A4B739 /* Helpers */ = {
			isa = PBXGroup;
			children = (
				84E27ACA2477070A00A4B739 /* BaseViewControlelr */,
				84E27ACC2477070A00A4B739 /* Extenstions */,
			);
			path = Helpers;
			sourceTree = "<group>";
		};
		84E27ACA2477070A00A4B739 /* BaseViewControlelr */ = {
			isa = PBXGroup;
			children = (
				84E27ACB2477070A00A4B739 /* BaseViewController.swift */,
			);
			path = BaseViewControlelr;
			sourceTree = "<group>";
		};
		84E27ACC2477070A00A4B739 /* Extenstions */ = {
			isa = PBXGroup;
			children = (
				84E27ACD2477070A00A4B739 /* UIViewController+Extenstion.swift */,
			);
			path = Extenstions;
			sourceTree = "<group>";
		};
		A7F04C3221E565C6A87639C9 /* Pods */ = {
			isa = PBXGroup;
			children = (
				2188C37D436333EADBB432C4 /* Pods-NYTimesMostPopular.debug.xcconfig */,
				6D64DC552CFF8E47B66C7865 /* Pods-NYTimesMostPopular.release.xcconfig */,
				9532FA958976BE47F85490F7 /* Pods-NYTimesMostPopular-NYTimesMostPopularUITests.debug.xcconfig */,
				B37BF176B71F64553886C077 /* Pods-NYTimesMostPopular-NYTimesMostPopularUITests.release.xcconfig */,
				FCDE06CC19CE5AE532371A07 /* Pods-NYTimesMostPopularTests.debug.xcconfig */,
				59811DBC950873D1E7069FD3 /* Pods-NYTimesMostPopularTests.release.xcconfig */,
			);
			path = Pods;
			sourceTree = "<group>";
		};
/* End PBXGroup section */

/* Begin PBXNativeTarget section */
		84E27A5D2476F26F00A4B739 /* NYTimesMostPopular */ = {
			isa = PBXNativeTarget;
			buildConfigurationList = 84E27A882476F27100A4B739 /* Build configuration list for PBXNativeTarget "NYTimesMostPopular" */;
			buildPhases = (
				1FACE7D41A9952E8B8268307 /* [CP] Check Pods Manifest.lock */,
				84E27A5A2476F26F00A4B739 /* Sources */,
				84E27A5B2476F26F00A4B739 /* Frameworks */,
				84E27A5C2476F26F00A4B739 /* Resources */,
				F6DDF2DC600D3EE093673D9F /* [CP] Embed Pods Frameworks */,
				84E27A932476F4CB00A4B739 /* ShellScript */,
				84E27A942476F4D300A4B739 /* ShellScript */,
			);
			buildRules = (
			);
			dependencies = (
			);
			name = NYTimesMostPopular;
			productName = NYTimesMostPopular;
			productReference = 84E27A5E2476F26F00A4B739 /* NYTimesMostPopular.app */;
			productType = "com.apple.product-type.application";
		};
		84E27A732476F27100A4B739 /* NYTimesMostPopularTests */ = {
			isa = PBXNativeTarget;
			buildConfigurationList = 84E27A8B2476F27100A4B739 /* Build configuration list for PBXNativeTarget "NYTimesMostPopularTests" */;
			buildPhases = (
				56FB5C6168AA0B39AC3F5947 /* [CP] Check Pods Manifest.lock */,
				84E27A702476F27100A4B739 /* Sources */,
				84E27A712476F27100A4B739 /* Frameworks */,
				84E27A722476F27100A4B739 /* Resources */,
			);
			buildRules = (
			);
			dependencies = (
				84E27A762476F27100A4B739 /* PBXTargetDependency */,
			);
			name = NYTimesMostPopularTests;
			productName = NYTimesMostPopularTests;
			productReference = 84E27A742476F27100A4B739 /* NYTimesMostPopularTests.xctest */;
			productType = "com.apple.product-type.bundle.unit-test";
		};
		84E27A7E2476F27100A4B739 /* NYTimesMostPopularUITests */ = {
			isa = PBXNativeTarget;
			buildConfigurationList = 84E27A8E2476F27100A4B739 /* Build configuration list for PBXNativeTarget "NYTimesMostPopularUITests" */;
			buildPhases = (
				2F952E08833CC5952C351E0B /* [CP] Check Pods Manifest.lock */,
				84E27A7B2476F27100A4B739 /* Sources */,
				84E27A7C2476F27100A4B739 /* Frameworks */,
				84E27A7D2476F27100A4B739 /* Resources */,
				C5D7FA35D7123EB66DBE1621 /* [CP] Embed Pods Frameworks */,
			);
			buildRules = (
			);
			dependencies = (
				84E27A812476F27100A4B739 /* PBXTargetDependency */,
			);
			name = NYTimesMostPopularUITests;
			productName = NYTimesMostPopularUITests;
			productReference = 84E27A7F2476F27100A4B739 /* NYTimesMostPopularUITests.xctest */;
			productType = "com.apple.product-type.bundle.ui-testing";
		};
/* End PBXNativeTarget section */

/* Begin PBXProject section */
		84E27A562476F26F00A4B739 /* Project object */ = {
			isa = PBXProject;
			attributes = {
				LastSwiftUpdateCheck = 1120;
				LastUpgradeCheck = 1120;
				ORGANIZATIONNAME = AmrFawaz;
				TargetAttributes = {
					84E27A5D2476F26F00A4B739 = {
						CreatedOnToolsVersion = 11.2.1;
					};
					84E27A732476F27100A4B739 = {
						CreatedOnToolsVersion = 11.2.1;
						TestTargetID = 84E27A5D2476F26F00A4B739;
					};
					84E27A7E2476F27100A4B739 = {
						CreatedOnToolsVersion = 11.2.1;
						TestTargetID = 84E27A5D2476F26F00A4B739;
					};
				};
			};
			buildConfigurationList = 84E27A592476F26F00A4B739 /* Build configuration list for PBXProject "NYTimesMostPopular" */;
			compatibilityVersion = "Xcode 9.3";
			developmentRegion = en;
			hasScannedForEncodings = 0;
			knownRegions = (
				en,
				Base,
			);
			mainGroup = 84E27A552476F26F00A4B739;
			productRefGroup = 84E27A5F2476F26F00A4B739 /* Products */;
			projectDirPath = "";
			projectRoot = "";
			targets = (
				84E27A5D2476F26F00A4B739 /* NYTimesMostPopular */,
				84E27A732476F27100A4B739 /* NYTimesMostPopularTests */,
				84E27A7E2476F27100A4B739 /* NYTimesMostPopularUITests */,
			);
		};
/* End PBXProject section */

/* Begin PBXResourcesBuildPhase section */
		84E27A5C2476F26F00A4B739 /* Resources */ = {
			isa = PBXResourcesBuildPhase;
			buildActionMask = 2147483647;
			files = (
				84E27AC32477025300A4B739 /* ArticleCell.xib in Resources */,
				84E27A6E2476F27000A4B739 /* LaunchScreen.storyboard in Resources */,
				84E27A9D2476F88B00A4B739 /* Search.storyboard in Resources */,
				84E27A6B2476F27000A4B739 /* Assets.xcassets in Resources */,
			);
			runOnlyForDeploymentPostprocessing = 0;
		};
		84E27A722476F27100A4B739 /* Resources */ = {
			isa = PBXResourcesBuildPhase;
			buildActionMask = 2147483647;
			files = (
			);
			runOnlyForDeploymentPostprocessing = 0;
		};
		84E27A7D2476F27100A4B739 /* Resources */ = {
			isa = PBXResourcesBuildPhase;
			buildActionMask = 2147483647;
			files = (
			);
			runOnlyForDeploymentPostprocessing = 0;
		};
/* End PBXResourcesBuildPhase section */

/* Begin PBXShellScriptBuildPhase section */
		1FACE7D41A9952E8B8268307 /* [CP] Check Pods Manifest.lock */ = {
			isa = PBXShellScriptBuildPhase;
			buildActionMask = 2147483647;
			files = (
			);
			inputFileListPaths = (
			);
			inputPaths = (
				"${PODS_PODFILE_DIR_PATH}/Podfile.lock",
				"${PODS_ROOT}/Manifest.lock",
			);
			name = "[CP] Check Pods Manifest.lock";
			outputFileListPaths = (
			);
			outputPaths = (
				"$(DERIVED_FILE_DIR)/Pods-NYTimesMostPopular-checkManifestLockResult.txt",
			);
			runOnlyForDeploymentPostprocessing = 0;
			shellPath = /bin/sh;
			shellScript = "diff \"${PODS_PODFILE_DIR_PATH}/Podfile.lock\" \"${PODS_ROOT}/Manifest.lock\" > /dev/null\nif [ $? != 0 ] ; then\n    # print error to STDERR\n    echo \"error: The sandbox is not in sync with the Podfile.lock. Run 'pod install' or update your CocoaPods installation.\" >&2\n    exit 1\nfi\n# This output is used by Xcode 'outputs' to avoid re-running this script phase.\necho \"SUCCESS\" > \"${SCRIPT_OUTPUT_FILE_0}\"\n";
			showEnvVarsInLog = 0;
		};
		2F952E08833CC5952C351E0B /* [CP] Check Pods Manifest.lock */ = {
			isa = PBXShellScriptBuildPhase;
			buildActionMask = 2147483647;
			files = (
			);
			inputFileListPaths = (
			);
			inputPaths = (
				"${PODS_PODFILE_DIR_PATH}/Podfile.lock",
				"${PODS_ROOT}/Manifest.lock",
			);
			name = "[CP] Check Pods Manifest.lock";
			outputFileListPaths = (
			);
			outputPaths = (
				"$(DERIVED_FILE_DIR)/Pods-NYTimesMostPopular-NYTimesMostPopularUITests-checkManifestLockResult.txt",
			);
			runOnlyForDeploymentPostprocessing = 0;
			shellPath = /bin/sh;
			shellScript = "diff \"${PODS_PODFILE_DIR_PATH}/Podfile.lock\" \"${PODS_ROOT}/Manifest.lock\" > /dev/null\nif [ $? != 0 ] ; then\n    # print error to STDERR\n    echo \"error: The sandbox is not in sync with the Podfile.lock. Run 'pod install' or update your CocoaPods installation.\" >&2\n    exit 1\nfi\n# This output is used by Xcode 'outputs' to avoid re-running this script phase.\necho \"SUCCESS\" > \"${SCRIPT_OUTPUT_FILE_0}\"\n";
			showEnvVarsInLog = 0;
		};
		56FB5C6168AA0B39AC3F5947 /* [CP] Check Pods Manifest.lock */ = {
			isa = PBXShellScriptBuildPhase;
			buildActionMask = 2147483647;
			files = (
			);
			inputFileListPaths = (
			);
			inputPaths = (
				"${PODS_PODFILE_DIR_PATH}/Podfile.lock",
				"${PODS_ROOT}/Manifest.lock",
			);
			name = "[CP] Check Pods Manifest.lock";
			outputFileListPaths = (
			);
			outputPaths = (
				"$(DERIVED_FILE_DIR)/Pods-NYTimesMostPopularTests-checkManifestLockResult.txt",
			);
			runOnlyForDeploymentPostprocessing = 0;
			shellPath = /bin/sh;
			shellScript = "diff \"${PODS_PODFILE_DIR_PATH}/Podfile.lock\" \"${PODS_ROOT}/Manifest.lock\" > /dev/null\nif [ $? != 0 ] ; then\n    # print error to STDERR\n    echo \"error: The sandbox is not in sync with the Podfile.lock. Run 'pod install' or update your CocoaPods installation.\" >&2\n    exit 1\nfi\n# This output is used by Xcode 'outputs' to avoid re-running this script phase.\necho \"SUCCESS\" > \"${SCRIPT_OUTPUT_FILE_0}\"\n";
			showEnvVarsInLog = 0;
		};
		84E27A932476F4CB00A4B739 /* ShellScript */ = {
			isa = PBXShellScriptBuildPhase;
			buildActionMask = 8;
			files = (
			);
			inputFileListPaths = (
			);
			inputPaths = (
			);
			outputFileListPaths = (
			);
			outputPaths = (
			);
			runOnlyForDeploymentPostprocessing = 1;
			shellPath = /bin/sh;
			shellScript = "if which swiftformat >/dev/null; then\nswiftformat .\nelse\necho \"warning: SwiftFormat not installed, download from https://github.com/nicklockwood/SwiftFormat\"\nfi\n";
		};
		84E27A942476F4D300A4B739 /* ShellScript */ = {
			isa = PBXShellScriptBuildPhase;
			buildActionMask = 2147483647;
			files = (
			);
			inputFileListPaths = (
			);
			inputPaths = (
			);
			outputFileListPaths = (
			);
			outputPaths = (
			);
			runOnlyForDeploymentPostprocessing = 0;
			shellPath = /bin/sh;
			shellScript = "if which swiftlint >/dev/null; then\nswiftlint\nelse\necho \"warning: SwiftLint not installed, download from https://github.com/realm/SwiftLint\"\nfi\n";
		};
		C5D7FA35D7123EB66DBE1621 /* [CP] Embed Pods Frameworks */ = {
			isa = PBXShellScriptBuildPhase;
			buildActionMask = 2147483647;
			files = (
			);
			inputFileListPaths = (
				"${PODS_ROOT}/Target Support Files/Pods-NYTimesMostPopular-NYTimesMostPopularUITests/Pods-NYTimesMostPopular-NYTimesMostPopularUITests-frameworks-${CONFIGURATION}-input-files.xcfilelist",
			);
			name = "[CP] Embed Pods Frameworks";
			outputFileListPaths = (
				"${PODS_ROOT}/Target Support Files/Pods-NYTimesMostPopular-NYTimesMostPopularUITests/Pods-NYTimesMostPopular-NYTimesMostPopularUITests-frameworks-${CONFIGURATION}-output-files.xcfilelist",
			);
			runOnlyForDeploymentPostprocessing = 0;
			shellPath = /bin/sh;
			shellScript = "\"${PODS_ROOT}/Target Support Files/Pods-NYTimesMostPopular-NYTimesMostPopularUITests/Pods-NYTimesMostPopular-NYTimesMostPopularUITests-frameworks.sh\"\n";
			showEnvVarsInLog = 0;
		};
		F6DDF2DC600D3EE093673D9F /* [CP] Embed Pods Frameworks */ = {
			isa = PBXShellScriptBuildPhase;
			buildActionMask = 2147483647;
			files = (
			);
			inputFileListPaths = (
				"${PODS_ROOT}/Target Support Files/Pods-NYTimesMostPopular/Pods-NYTimesMostPopular-frameworks-${CONFIGURATION}-input-files.xcfilelist",
			);
			name = "[CP] Embed Pods Frameworks";
			outputFileListPaths = (
				"${PODS_ROOT}/Target Support Files/Pods-NYTimesMostPopular/Pods-NYTimesMostPopular-frameworks-${CONFIGURATION}-output-files.xcfilelist",
			);
			runOnlyForDeploymentPostprocessing = 0;
			shellPath = /bin/sh;
			shellScript = "\"${PODS_ROOT}/Target Support Files/Pods-NYTimesMostPopular/Pods-NYTimesMostPopular-frameworks.sh\"\n";
			showEnvVarsInLog = 0;
		};
/* End PBXShellScriptBuildPhase section */

/* Begin PBXSourcesBuildPhase section */
		84E27A5A2476F26F00A4B739 /* Sources */ = {
			isa = PBXSourcesBuildPhase;
			buildActionMask = 2147483647;
			files = (
				84E27AC22477025300A4B739 /* ArticleCell.swift in Sources */,
				84E27AB42476F90A00A4B739 /* ServiceManager.swift in Sources */,
				84E27AAF2476F90A00A4B739 /* Api.swift in Sources */,
				842906F62477A0E100AA7A69 /* FullArticleViewController.swift in Sources */,
				84E27AC72477068D00A4B739 /* Storyboard.swift in Sources */,
				84E27AD22477070A00A4B739 /* BaseViewController.swift in Sources */,
				84E27AC82477068D00A4B739 /* Router.swift in Sources */,
				84E27AB82476F96400A4B739 /* Configurations.swift in Sources */,
				84E27ABA2476FD6B00A4B739 /* SearchApi.swift in Sources */,
				84E27AB12476F90A00A4B739 /* Requestable.swift in Sources */,
				84E27A622476F26F00A4B739 /* AppDelegate.swift in Sources */,
				84E27AB52476F90A00A4B739 /* CustomError.swift in Sources */,
				84E27A642476F26F00A4B739 /* SceneDelegate.swift in Sources */,
				84E27AAE2476F90A00A4B739 /* RequestParamters.swift in Sources */,
				84E27ABC2476FEFA00A4B739 /* SearchArticleResponse.swift in Sources */,
				842906F42477736400AA7A69 /* ArticleDetailsViewController.swift in Sources */,
				84E27AA32476F8D500A4B739 /* SearchViewModel.swift in Sources */,
				84E27AD32477070A00A4B739 /* UIViewController+Extenstion.swift in Sources */,
				84E27AD8247714AC00A4B739 /* SearchArticleRequestParameters.swift in Sources */,
				84E27AB22476F90A00A4B739 /* Keys.swift in Sources */,
				84E27AB32476F90A00A4B739 /* AlamofireRequestExtensions.swift in Sources */,
				84E27AA12476F8B900A4B739 /* SearchArticleViewController.swift in Sources */,
				84E27ABE2476FF2300A4B739 /* Article.swift in Sources */,
			);
			runOnlyForDeploymentPostprocessing = 0;
		};
		84E27A702476F27100A4B739 /* Sources */ = {
			isa = PBXSourcesBuildPhase;
			buildActionMask = 2147483647;
			files = (
				84E27A792476F27100A4B739 /* NYTimesMostPopularTests.swift in Sources */,
			);
			runOnlyForDeploymentPostprocessing = 0;
		};
		84E27A7B2476F27100A4B739 /* Sources */ = {
			isa = PBXSourcesBuildPhase;
			buildActionMask = 2147483647;
			files = (
				84E27A842476F27100A4B739 /* NYTimesMostPopularUITests.swift in Sources */,
			);
			runOnlyForDeploymentPostprocessing = 0;
		};
/* End PBXSourcesBuildPhase section */

/* Begin PBXTargetDependency section */
		84E27A762476F27100A4B739 /* PBXTargetDependency */ = {
			isa = PBXTargetDependency;
			target = 84E27A5D2476F26F00A4B739 /* NYTimesMostPopular */;
			targetProxy = 84E27A752476F27100A4B739 /* PBXContainerItemProxy */;
		};
		84E27A812476F27100A4B739 /* PBXTargetDependency */ = {
			isa = PBXTargetDependency;
			target = 84E27A5D2476F26F00A4B739 /* NYTimesMostPopular */;
			targetProxy = 84E27A802476F27100A4B739 /* PBXContainerItemProxy */;
		};
/* End PBXTargetDependency section */

/* Begin PBXVariantGroup section */
		84E27A6C2476F27000A4B739 /* LaunchScreen.storyboard */ = {
			isa = PBXVariantGroup;
			children = (
				84E27A6D2476F27000A4B739 /* Base */,
			);
			name = LaunchScreen.storyboard;
			sourceTree = "<group>";
		};
/* End PBXVariantGroup section */

/* Begin XCBuildConfiguration section */
		84E27A862476F27100A4B739 /* Debug */ = {
			isa = XCBuildConfiguration;
			buildSettings = {
				ALWAYS_SEARCH_USER_PATHS = NO;
				CLANG_ANALYZER_NONNULL = YES;
				CLANG_ANALYZER_NUMBER_OBJECT_CONVERSION = YES_AGGRESSIVE;
				CLANG_CXX_LANGUAGE_STANDARD = "gnu++14";
				CLANG_CXX_LIBRARY = "libc++";
				CLANG_ENABLE_MODULES = YES;
				CLANG_ENABLE_OBJC_ARC = YES;
				CLANG_ENABLE_OBJC_WEAK = YES;
				CLANG_WARN_BLOCK_CAPTURE_AUTORELEASING = YES;
				CLANG_WARN_BOOL_CONVERSION = YES;
				CLANG_WARN_COMMA = YES;
				CLANG_WARN_CONSTANT_CONVERSION = YES;
				CLANG_WARN_DEPRECATED_OBJC_IMPLEMENTATIONS = YES;
				CLANG_WARN_DIRECT_OBJC_ISA_USAGE = YES_ERROR;
				CLANG_WARN_DOCUMENTATION_COMMENTS = YES;
				CLANG_WARN_EMPTY_BODY = YES;
				CLANG_WARN_ENUM_CONVERSION = YES;
				CLANG_WARN_INFINITE_RECURSION = YES;
				CLANG_WARN_INT_CONVERSION = YES;
				CLANG_WARN_NON_LITERAL_NULL_CONVERSION = YES;
				CLANG_WARN_OBJC_IMPLICIT_RETAIN_SELF = YES;
				CLANG_WARN_OBJC_LITERAL_CONVERSION = YES;
				CLANG_WARN_OBJC_ROOT_CLASS = YES_ERROR;
				CLANG_WARN_RANGE_LOOP_ANALYSIS = YES;
				CLANG_WARN_STRICT_PROTOTYPES = YES;
				CLANG_WARN_SUSPICIOUS_MOVE = YES;
				CLANG_WARN_UNGUARDED_AVAILABILITY = YES_AGGRESSIVE;
				CLANG_WARN_UNREACHABLE_CODE = YES;
				CLANG_WARN__DUPLICATE_METHOD_MATCH = YES;
				COPY_PHASE_STRIP = NO;
				DEBUG_INFORMATION_FORMAT = dwarf;
				ENABLE_STRICT_OBJC_MSGSEND = YES;
				ENABLE_TESTABILITY = YES;
				GCC_C_LANGUAGE_STANDARD = gnu11;
				GCC_DYNAMIC_NO_PIC = NO;
				GCC_NO_COMMON_BLOCKS = YES;
				GCC_OPTIMIZATION_LEVEL = 0;
				GCC_PREPROCESSOR_DEFINITIONS = (
					"DEBUG=1",
					"$(inherited)",
				);
				GCC_WARN_64_TO_32_BIT_CONVERSION = YES;
				GCC_WARN_ABOUT_RETURN_TYPE = YES_ERROR;
				GCC_WARN_UNDECLARED_SELECTOR = YES;
				GCC_WARN_UNINITIALIZED_AUTOS = YES_AGGRESSIVE;
				GCC_WARN_UNUSED_FUNCTION = YES;
				GCC_WARN_UNUSED_VARIABLE = YES;
				IPHONEOS_DEPLOYMENT_TARGET = 13.2;
				MTL_ENABLE_DEBUG_INFO = INCLUDE_SOURCE;
				MTL_FAST_MATH = YES;
				ONLY_ACTIVE_ARCH = YES;
				SDKROOT = iphoneos;
				SWIFT_ACTIVE_COMPILATION_CONDITIONS = DEBUG;
				SWIFT_OPTIMIZATION_LEVEL = "-Onone";
			};
			name = Debug;
		};
		84E27A872476F27100A4B739 /* Release */ = {
			isa = XCBuildConfiguration;
			buildSettings = {
				ALWAYS_SEARCH_USER_PATHS = NO;
				CLANG_ANALYZER_NONNULL = YES;
				CLANG_ANALYZER_NUMBER_OBJECT_CONVERSION = YES_AGGRESSIVE;
				CLANG_CXX_LANGUAGE_STANDARD = "gnu++14";
				CLANG_CXX_LIBRARY = "libc++";
				CLANG_ENABLE_MODULES = YES;
				CLANG_ENABLE_OBJC_ARC = YES;
				CLANG_ENABLE_OBJC_WEAK = YES;
				CLANG_WARN_BLOCK_CAPTURE_AUTORELEASING = YES;
				CLANG_WARN_BOOL_CONVERSION = YES;
				CLANG_WARN_COMMA = YES;
				CLANG_WARN_CONSTANT_CONVERSION = YES;
				CLANG_WARN_DEPRECATED_OBJC_IMPLEMENTATIONS = YES;
				CLANG_WARN_DIRECT_OBJC_ISA_USAGE = YES_ERROR;
				CLANG_WARN_DOCUMENTATION_COMMENTS = YES;
				CLANG_WARN_EMPTY_BODY = YES;
				CLANG_WARN_ENUM_CONVERSION = YES;
				CLANG_WARN_INFINITE_RECURSION = YES;
				CLANG_WARN_INT_CONVERSION = YES;
				CLANG_WARN_NON_LITERAL_NULL_CONVERSION = YES;
				CLANG_WARN_OBJC_IMPLICIT_RETAIN_SELF = YES;
				CLANG_WARN_OBJC_LITERAL_CONVERSION = YES;
				CLANG_WARN_OBJC_ROOT_CLASS = YES_ERROR;
				CLANG_WARN_RANGE_LOOP_ANALYSIS = YES;
				CLANG_WARN_STRICT_PROTOTYPES = YES;
				CLANG_WARN_SUSPICIOUS_MOVE = YES;
				CLANG_WARN_UNGUARDED_AVAILABILITY = YES_AGGRESSIVE;
				CLANG_WARN_UNREACHABLE_CODE = YES;
				CLANG_WARN__DUPLICATE_METHOD_MATCH = YES;
				COPY_PHASE_STRIP = NO;
				DEBUG_INFORMATION_FORMAT = "dwarf-with-dsym";
				ENABLE_NS_ASSERTIONS = NO;
				ENABLE_STRICT_OBJC_MSGSEND = YES;
				GCC_C_LANGUAGE_STANDARD = gnu11;
				GCC_NO_COMMON_BLOCKS = YES;
				GCC_WARN_64_TO_32_BIT_CONVERSION = YES;
				GCC_WARN_ABOUT_RETURN_TYPE = YES_ERROR;
				GCC_WARN_UNDECLARED_SELECTOR = YES;
				GCC_WARN_UNINITIALIZED_AUTOS = YES_AGGRESSIVE;
				GCC_WARN_UNUSED_FUNCTION = YES;
				GCC_WARN_UNUSED_VARIABLE = YES;
				IPHONEOS_DEPLOYMENT_TARGET = 13.2;
				MTL_ENABLE_DEBUG_INFO = NO;
				MTL_FAST_MATH = YES;
				SDKROOT = iphoneos;
				SWIFT_COMPILATION_MODE = wholemodule;
				SWIFT_OPTIMIZATION_LEVEL = "-O";
				VALIDATE_PRODUCT = YES;
			};
			name = Release;
		};
		84E27A892476F27100A4B739 /* Debug */ = {
			isa = XCBuildConfiguration;
			baseConfigurationReference = 2188C37D436333EADBB432C4 /* Pods-NYTimesMostPopular.debug.xcconfig */;
			buildSettings = {
				ASSETCATALOG_COMPILER_APPICON_NAME = AppIcon;
				CODE_SIGN_STYLE = Automatic;
				DEVELOPMENT_TEAM = 3LAX6L7LB4;
				INFOPLIST_FILE = NYTimesMostPopular/Info.plist;
				LD_RUNPATH_SEARCH_PATHS = (
					"$(inherited)",
					"@executable_path/Frameworks",
				);
				PRODUCT_BUNDLE_IDENTIFIER = com.amr.NYTimesMostPopular;
				PRODUCT_NAME = "$(TARGET_NAME)";
				SWIFT_VERSION = 5.0;
				TARGETED_DEVICE_FAMILY = "1,2";
			};
			name = Debug;
		};
		84E27A8A2476F27100A4B739 /* Release */ = {
			isa = XCBuildConfiguration;
			baseConfigurationReference = 6D64DC552CFF8E47B66C7865 /* Pods-NYTimesMostPopular.release.xcconfig */;
			buildSettings = {
				ASSETCATALOG_COMPILER_APPICON_NAME = AppIcon;
				CODE_SIGN_STYLE = Automatic;
				DEVELOPMENT_TEAM = 3LAX6L7LB4;
				INFOPLIST_FILE = NYTimesMostPopular/Info.plist;
				LD_RUNPATH_SEARCH_PATHS = (
					"$(inherited)",
					"@executable_path/Frameworks",
				);
				PRODUCT_BUNDLE_IDENTIFIER = com.amr.NYTimesMostPopular;
				PRODUCT_NAME = "$(TARGET_NAME)";
				SWIFT_VERSION = 5.0;
				TARGETED_DEVICE_FAMILY = "1,2";
			};
			name = Release;
		};
		84E27A8C2476F27100A4B739 /* Debug */ = {
			isa = XCBuildConfiguration;
			baseConfigurationReference = FCDE06CC19CE5AE532371A07 /* Pods-NYTimesMostPopularTests.debug.xcconfig */;
			buildSettings = {
				ALWAYS_EMBED_SWIFT_STANDARD_LIBRARIES = YES;
				BUNDLE_LOADER = "$(TEST_HOST)";
				CODE_SIGN_STYLE = Automatic;
				DEVELOPMENT_TEAM = 3LAX6L7LB4;
				INFOPLIST_FILE = NYTimesMostPopularTests/Info.plist;
				IPHONEOS_DEPLOYMENT_TARGET = 13.2;
				LD_RUNPATH_SEARCH_PATHS = (
					"$(inherited)",
					"@executable_path/Frameworks",
					"@loader_path/Frameworks",
				);
				PRODUCT_BUNDLE_IDENTIFIER = com.millenss.NYTimesMostPopularTests;
				PRODUCT_NAME = "$(TARGET_NAME)";
				SWIFT_VERSION = 5.0;
				TARGETED_DEVICE_FAMILY = "1,2";
				TEST_HOST = "$(BUILT_PRODUCTS_DIR)/NYTimesMostPopular.app/NYTimesMostPopular";
			};
			name = Debug;
		};
		84E27A8D2476F27100A4B739 /* Release */ = {
			isa = XCBuildConfiguration;
			baseConfigurationReference = 59811DBC950873D1E7069FD3 /* Pods-NYTimesMostPopularTests.release.xcconfig */;
			buildSettings = {
				ALWAYS_EMBED_SWIFT_STANDARD_LIBRARIES = YES;
				BUNDLE_LOADER = "$(TEST_HOST)";
				CODE_SIGN_STYLE = Automatic;
				DEVELOPMENT_TEAM = 3LAX6L7LB4;
				INFOPLIST_FILE = NYTimesMostPopularTests/Info.plist;
				IPHONEOS_DEPLOYMENT_TARGET = 13.2;
				LD_RUNPATH_SEARCH_PATHS = (
					"$(inherited)",
					"@executable_path/Frameworks",
					"@loader_path/Frameworks",
				);
				PRODUCT_BUNDLE_IDENTIFIER = com.millenss.NYTimesMostPopularTests;
				PRODUCT_NAME = "$(TARGET_NAME)";
				SWIFT_VERSION = 5.0;
				TARGETED_DEVICE_FAMILY = "1,2";
				TEST_HOST = "$(BUILT_PRODUCTS_DIR)/NYTimesMostPopular.app/NYTimesMostPopular";
			};
			name = Release;
		};
		84E27A8F2476F27100A4B739 /* Debug */ = {
			isa = XCBuildConfiguration;
			baseConfigurationReference = 9532FA958976BE47F85490F7 /* Pods-NYTimesMostPopular-NYTimesMostPopularUITests.debug.xcconfig */;
			buildSettings = {
				ALWAYS_EMBED_SWIFT_STANDARD_LIBRARIES = YES;
				CODE_SIGN_STYLE = Automatic;
				DEVELOPMENT_TEAM = 3LAX6L7LB4;
				INFOPLIST_FILE = NYTimesMostPopularUITests/Info.plist;
				LD_RUNPATH_SEARCH_PATHS = (
					"$(inherited)",
					"@executable_path/Frameworks",
					"@loader_path/Frameworks",
				);
				PRODUCT_BUNDLE_IDENTIFIER = com.millenss.NYTimesMostPopularUITests;
				PRODUCT_NAME = "$(TARGET_NAME)";
				SWIFT_VERSION = 5.0;
				TARGETED_DEVICE_FAMILY = "1,2";
				TEST_TARGET_NAME = NYTimesMostPopular;
			};
			name = Debug;
		};
		84E27A902476F27100A4B739 /* Release */ = {
			isa = XCBuildConfiguration;
			baseConfigurationReference = B37BF176B71F64553886C077 /* Pods-NYTimesMostPopular-NYTimesMostPopularUITests.release.xcconfig */;
			buildSettings = {
				ALWAYS_EMBED_SWIFT_STANDARD_LIBRARIES = YES;
				CODE_SIGN_STYLE = Automatic;
				DEVELOPMENT_TEAM = 3LAX6L7LB4;
				INFOPLIST_FILE = NYTimesMostPopularUITests/Info.plist;
				LD_RUNPATH_SEARCH_PATHS = (
					"$(inherited)",
					"@executable_path/Frameworks",
					"@loader_path/Frameworks",
				);
				PRODUCT_BUNDLE_IDENTIFIER = com.millenss.NYTimesMostPopularUITests;
				PRODUCT_NAME = "$(TARGET_NAME)";
				SWIFT_VERSION = 5.0;
				TARGETED_DEVICE_FAMILY = "1,2";
				TEST_TARGET_NAME = NYTimesMostPopular;
			};
			name = Release;
		};
/* End XCBuildConfiguration section */

/* Begin XCConfigurationList section */
		84E27A592476F26F00A4B739 /* Build configuration list for PBXProject "NYTimesMostPopular" */ = {
			isa = XCConfigurationList;
			buildConfigurations = (
				84E27A862476F27100A4B739 /* Debug */,
				84E27A872476F27100A4B739 /* Release */,
			);
			defaultConfigurationIsVisible = 0;
			defaultConfigurationName = Release;
		};
		84E27A882476F27100A4B739 /* Build configuration list for PBXNativeTarget "NYTimesMostPopular" */ = {
			isa = XCConfigurationList;
			buildConfigurations = (
				84E27A892476F27100A4B739 /* Debug */,
				84E27A8A2476F27100A4B739 /* Release */,
			);
			defaultConfigurationIsVisible = 0;
			defaultConfigurationName = Release;
		};
		84E27A8B2476F27100A4B739 /* Build configuration list for PBXNativeTarget "NYTimesMostPopularTests" */ = {
			isa = XCConfigurationList;
			buildConfigurations = (
				84E27A8C2476F27100A4B739 /* Debug */,
				84E27A8D2476F27100A4B739 /* Release */,
			);
			defaultConfigurationIsVisible = 0;
			defaultConfigurationName = Release;
		};
		84E27A8E2476F27100A4B739 /* Build configuration list for PBXNativeTarget "NYTimesMostPopularUITests" */ = {
			isa = XCConfigurationList;
			buildConfigurations = (
				84E27A8F2476F27100A4B739 /* Debug */,
				84E27A902476F27100A4B739 /* Release */,
			);
			defaultConfigurationIsVisible = 0;
			defaultConfigurationName = Release;
		};
/* End XCConfigurationList section */
	};
	rootObject = 84E27A562476F26F00A4B739 /* Project object */;
}
